
Microsoft Visual Studio Solution File, Format Version 12.00
# Visual Studio 2017
Project("{FAE04EC0-301F-11D3-BF4B-00C04F79EFBC}") = "Gumba4", "Gumba4.csproj", "{80A2C4B9-EBE6-8326-3781-F6B43C3C2888}"
EndProject
Project("{FAE04EC0-301F-11D3-BF4B-00C04F79EFBC}") = "Gumba4.Editor", "Gumba4.Editor.csproj", "{2D669703-D84F-281E-2FF4-C5ABB5BFD887}"
EndProject
Global
	GlobalSection(SolutionConfigurationPlatforms) = preSolution
		Debug|Any CPU = Debug|Any CPU
		Release|Any CPU = Release|Any CPU
	EndGlobalSection
	GlobalSection(ProjectConfigurationPlatforms) = postSolution
		{80A2C4B9-EBE6-8326-3781-F6B43C3C2888}.Debug|Any CPU.ActiveCfg = Debug|Any CPU
		{80A2C4B9-EBE6-8326-3781-F6B43C3C2888}.Debug|Any CPU.Build.0 = Debug|Any CPU
		{80A2C4B9-EBE6-8326-3781-F6B43C3C2888}.Release|Any CPU.ActiveCfg = Release|Any CPU
		{80A2C4B9-EBE6-8326-3781-F6B43C3C2888}.Release|Any CPU.Build.0 = Release|Any CPU
		{2D669703-D84F-281E-2FF4-C5ABB5BFD887}.Debug|Any CPU.ActiveCfg = Debug|Any CPU
		{2D669703-D84F-281E-2FF4-C5ABB5BFD887}.Debug|Any CPU.Build.0 = Debug|Any CPU
		{2D669703-D84F-281E-2FF4-C5ABB5BFD887}.Release|Any CPU.ActiveCfg = Release|Any CPU
		{2D669703-D84F-281E-2FF4-C5ABB5BFD887}.Release|Any CPU.Build.0 = Release|Any CPU
	EndGlobalSection
	GlobalSection(SolutionProperties) = preSolution
		HideSolutionNode = FALSE
	EndGlobalSection
EndGlobal
